
Microsoft Visual Studio Solution File, Format Version 12.00
Project("{FAE04EC0-301F-11D3-BF4B-00C04F79EFBC}") = "Extension", "Extension\Extension.csproj", "{9AF79659-74EB-4E83-82DF-DFB00A83D755}"
EndProject
Global
	GlobalSection(SolutionConfigurationPlatforms) = preSolution
		Debug|Any CPU = Debug|Any CPU
		Release|Any CPU = Release|Any CPU
	EndGlobalSection
	GlobalSection(ProjectConfigurationPlatforms) = postSolution
		{9AF79659-74EB-4E83-82DF-DFB00A83D755}.Debug|Any CPU.ActiveCfg = Debug|Any CPU
		{9AF79659-74EB-4E83-82DF-DFB00A83D755}.Debug|Any CPU.Build.0 = Debug|Any CPU
		{9AF79659-74EB-4E83-82DF-DFB00A83D755}.Release|Any CPU.ActiveCfg = Release|Any CPU
		{9AF79659-74EB-4E83-82DF-DFB00A83D755}.Release|Any CPU.Build.0 = Release|Any CPU
	EndGlobalSection
EndGlobal
