
Microsoft Visual Studio Solution File, Format Version 12.00
Project("{FAE04EC0-301F-11D3-BF4B-00C04F79EFBC}") = "Operations", "Operations\Operations.csproj", "{F61BD073-B922-416E-9EA3-FBD11FF1FC16}"
EndProject
Global
	GlobalSection(SolutionConfigurationPlatforms) = preSolution
		Debug|Any CPU = Debug|Any CPU
		Release|Any CPU = Release|Any CPU
	EndGlobalSection
	GlobalSection(ProjectConfigurationPlatforms) = postSolution
		{F61BD073-B922-416E-9EA3-FBD11FF1FC16}.Debug|Any CPU.ActiveCfg = Debug|Any CPU
		{F61BD073-B922-416E-9EA3-FBD11FF1FC16}.Debug|Any CPU.Build.0 = Debug|Any CPU
		{F61BD073-B922-416E-9EA3-FBD11FF1FC16}.Release|Any CPU.ActiveCfg = Release|Any CPU
		{F61BD073-B922-416E-9EA3-FBD11FF1FC16}.Release|Any CPU.Build.0 = Release|Any CPU
	EndGlobalSection
EndGlobal
