
Microsoft Visual Studio Solution File, Format Version 12.00
Project("{FAE04EC0-301F-11D3-BF4B-00C04F79EFBC}") = "IfElse", "IfElse\IfElse.csproj", "{857E30CF-4BA8-43E8-B551-969567C4D35E}"
EndProject
Global
	GlobalSection(SolutionConfigurationPlatforms) = preSolution
		Debug|Any CPU = Debug|Any CPU
		Release|Any CPU = Release|Any CPU
	EndGlobalSection
	GlobalSection(ProjectConfigurationPlatforms) = postSolution
		{857E30CF-4BA8-43E8-B551-969567C4D35E}.Debug|Any CPU.ActiveCfg = Debug|Any CPU
		{857E30CF-4BA8-43E8-B551-969567C4D35E}.Debug|Any CPU.Build.0 = Debug|Any CPU
		{857E30CF-4BA8-43E8-B551-969567C4D35E}.Release|Any CPU.ActiveCfg = Release|Any CPU
		{857E30CF-4BA8-43E8-B551-969567C4D35E}.Release|Any CPU.Build.0 = Release|Any CPU
	EndGlobalSection
EndGlobal
